filippo.io/edwards25519 v1.2.0 h1:crnVqOiS4jqYleHd9vaKZ+HKtHfllngJIiOpNpoJsjo=
filippo.io/edwards25519 v1.2.0/go.mod h1:xzAOLCNug/yB62zG1bQ8uziwrIqIuxhctzJT18Q77mc=
github.com/armon/circbuf v0.0.0-20190214190532-5111143e8da2 h1:7Ip0wMmLHLRJdrloDxZfhMm0xrLXZS8+COSu2bXmEQs=
github.com/armon/circbuf v0.0.0-20190214190532-5111143e8da2/go.mod h1:3U/XgcO3hCbHZ8TKRvWD2dDTCfh9M9ya+I9JpbB7O8o=
github.com/beevik/ntp v1.5.0 h1:y+uj/JjNwlY2JahivxYvtmv4ehfi3h74fAuABB9ZSM4=
github.com/beevik/ntp v1.5.0/go.mod h1:mJEhBrwT76w9D+IfOEGvuzyuudiW9E52U2BaTrMOYow=
github.com/cespare/xxhash/v2 v2.3.0 h1:UL815xU9SqsFlibzuggzjXhog7bL6oX9BbNZnL2UFvs=
github.com/cespare/xxhash/v2 v2.3.0/go.mod h1:VGX0DQ3Q6kWi7AoAeZDth3/j3BFtOZR5XLFGgcrjCOs=
github.com/cretz/bine v0.2.0 h1:8GiDRGlTgz+o8H9DSnsl+5MeBK4HsExxgl6WgzOCuZo=
github.com/cretz/bine v0.2.0/go.mod h1:WU4o9QR9wWp8AVKtTM1XD5vUHkEqnf2vVSo6dBqbetI=
github.com/davecgh/go-spew v1.1.0/go.mod h1:J7Y8YcW2NihsgmVo/mv3lAwl/skON4iLHjSsI+c5H38=
github.com/davecgh/go-spew v1.1.2-0.20180830191138-d8f796af33cc h1:U9qPSI2PIWSS1VwoXQT9A3Wy9MM3WgvqSxFWenqJduM=
github.com/davecgh/go-spew v1.1.2-0.20180830191138-d8f796af33cc/go.mod h1:J7Y8YcW2NihsgmVo/mv3lAwl/skON4iLHjSsI+c5H38=
github.com/dchest/siphash v1.2.3 h1:QXwFc8cFOR2dSa/gE6o/HokBMWtLUaNDVd+22aKHeEA=
github.com/dchest/siphash v1.2.3/go.mod h1:0NvQU092bT0ipiFN++/rXm69QG9tVxLAlQHIXMPAkHc=
github.com/frankban/quicktest v1.14.6 h1:7Xjx+VpznH+oBnejlPUj8oUpdxnVs4f8XU8WnHkI4W8=
github.com/frankban/quicktest v1.14.6/go.mod h1:4ptaffx2x8+WTWXmUCuVU6aPUX1/Mz7zb5vbUoiM6w0=
github.com/fsnotify/fsnotify v1.10.1 h1:b0/UzAf9yR5rhf3RPm9gf3ehBPpf0oZKIjtpKrx59Ho=
github.com/fsnotify/fsnotify v1.10.1/go.mod h1:TLheqan6HD6GBK6PrDWyDPBaEV8LspOxvPSjC+bVfgo=
github.com/go-i2p/common v0.1.60000-0.20260612012818-ffa84716e922 h1:jatAOaR3Soxy+IrRc4pbQ7qjyUwIAurM62M3SuIsmIQ=
github.com/go-i2p/common v0.1.60000-0.20260612012818-ffa84716e922/go.mod h1:Fi8w1almPiorSn0vLd/wqJ5Rf4rvDB0+5yh6M+xANeE=
github.com/go-i2p/crypto v0.1.60000-0.20260612012729-bcf561943886 h1:6E68Tehym8Z6IhvFx9/LP2Qz5gqwBW2sz0I6gRVAwp8=
github.com/go-i2p/crypto v0.1.60000-0.20260612012729-bcf561943886/go.mod h1:vG+WmpFqlTzebxLvE1SQ1YO6XubBZisf3b+Vj2Rh/Ww=
github.com/go-i2p/elgamal v0.1.59999 h1:zK/PL82556guw9OTwIUeyEXtrekLqFEfur4T/7ELpvk=
github.com/go-i2p/elgamal v0.1.59999/go.mod h1:doBqsiGCnCL7TzgKr+mJnfodAD7i5wEWMpap0qgKsAw=
github.com/go-i2p/go-datagrams v0.1.61 h1:rdiE6Kh2p5Cs/VZMKs5MsShaLiuD5bQJyFvtoL5yCL4=
github.com/go-i2p/go-datagrams v0.1.61/go.mod h1:xboHtxwM4tmkH1ObuWsBGz0lFOysLabEcLJRVF4MQcw=
github.com/go-i2p/go-i2cp v0.1.60000-0.20260612013604-6be0e753d2c7 h1:bdMB3FhOxVhDFEvyEVLMEHVhh9M3wBKV7AoAD3EtzWs=
github.com/go-i2p/go-i2cp v0.1.60000-0.20260612013604-6be0e753d2c7/go.mod h1:KCGUl4Bgix3w5ndsjv/2sATPmEKf+u+daLhppB2UHvU=
github.com/go-i2p/go-i2p v0.1.61 h1:T3LRitR30vwoX/ygytkcI6SWoBXN7TIgstNEMfTw7cs=
github.com/go-i2p/go-i2p v0.1.61/go.mod h1:ADLz0D8JGAn3AareIjMNvvLIWPYPz1lrFT+8QS5laj8=
github.com/go-i2p/go-nat-listener v0.0.0-20260402222111-bfda0025cb1b h1:KzL/bql7UATLCsfk+kgam19kWuEe34/ia3A1uE0CFE0=
github.com/go-i2p/go-nat-listener v0.0.0-20260402222111-bfda0025cb1b/go.mod h1:hd95uOrwhTa2coFcJkBlGwGgOpjVNVYkAXxRvwIJRsE=
github.com/go-i2p/go-noise v0.1.60000-0.20260624210455-c5cd198c4109 h1:zngXLgp2SbDFurRyOzvcl/FGz4Tiv8lukMq29FcVeRI=
github.com/go-i2p/go-noise v0.1.60000-0.20260624210455-c5cd198c4109/go.mod h1:c2Jt/1Hw5PQ4jipRO1THLlaQ4sc1DeOLdOFvR1Hnmo8=
github.com/go-i2p/go-sam-bridge v0.1.61 h1:bFpjpgS6N1ehvPg7WZIu4p6iZMx66DJbqsRUi6GQ8k8=
github.com/go-i2p/go-sam-bridge v0.1.61/go.mod h1://s1QQriKVtKCy1TqkMHDx48jqOu3DSMICPSSFZ97rQ=
github.com/go-i2p/go-sam-go v0.33.1-0.20260411195601-326503e35a5c h1:CGepwWtODhrXQ7ebDPB2jIz740LWqWTaw1jVYogrzcM=
github.com/go-i2p/go-sam-go v0.33.1-0.20260411195601-326503e35a5c/go.mod h1:yh0p4igH39DL3ZLni40lzCb9NxQcZF0jqDYCiPNqAv8=
github.com/go-i2p/go-streaming v0.1.61 h1:NQS9PL0kZd6QOYaqIRY5Hwm1eSc7HZTJduXo1kk7hgE=
github.com/go-i2p/go-streaming v0.1.61/go.mod h1:NGahIdmyPQPqkIwCjxkxTR2U1LQOnG5UvSjwDISIrtw=
github.com/go-i2p/go-unzip v0.0.0-20260417162122-21146ed7aca8 h1:efCudZqf5/F4Mj/WYLqKveOwTPW81vVrn8Z0K7GFkTM=
github.com/go-i2p/go-unzip v0.0.0-20260417162122-21146ed7aca8/go.mod h1:Jy8JMJDZNzy6u4s1FGNeVvDAsuBJn24nxyNLS0QmYpM=
github.com/go-i2p/i2pkeys v0.33.92 h1:e2vx3vf7tNesaJ8HmAlGPOcfiGM86jzeIGxh27I9J2Y=
github.com/go-i2p/i2pkeys v0.33.92/go.mod h1:BRURQ/twxV0WKjZlFSKki93ivBi+MirZPWudfwTzMpE=
github.com/go-i2p/logger v0.1.60000-0.20260612012503-bec4044a2b0d h1:AJWfD1WSsIMYAcCnJ+c2IOvCfm5Wf5UW1fGHgKuasr4=
github.com/go-i2p/logger v0.1.60000-0.20260612012503-bec4044a2b0d/go.mod h1:ygRTQPZmHNNfwEf+vPtJwJs/EjIW7al5OOo+hEY6KS0=
github.com/go-i2p/noise v1.1.1-0.20260612013029-6d1ef3427561 h1:ygcYOpsJO6hvWjEzv4e4lPHvUqQ7d38syI4ar2cMWLU=
github.com/go-i2p/noise v1.1.1-0.20260612013029-6d1ef3427561/go.mod h1:/79lUu1iKd1yW+zqLI7QjY2MUpsGkGStKM7XVDxPeEc=
github.com/go-i2p/path v0.1.60000-0.20260612012938-437d7ee74b3a h1:kcv5gaDDMr8VkK5Ei0G39v4faW9RquJt6iMY68b4zNQ=
github.com/go-i2p/path v0.1.60000-0.20260612012938-437d7ee74b3a/go.mod h1:4hrhWHVAEN7tmk+aPczx2vlj4o0t7OrnNfTYnGAHxXc=
github.com/go-i2p/pool v0.1.59999 h1:jWTzOypfVFvhcUPhrkzOq0i2rMtz8A1QJjzv9f8YIEg=
github.com/go-i2p/pool v0.1.59999/go.mod h1:O1i9HtW0zSaoHAzVLmDTEvHYD9VzLnvfBDd/aKk2N7Y=
github.com/go-i2p/red25519 v0.0.0-20260302212615-1093a31f680d h1:a7DHsr9SOEjybZVtH3e0kJpXy40mZb1V+dGm9tptOl8=
github.com/go-i2p/red25519 v0.0.0-20260302212615-1093a31f680d/go.mod h1:6bX00E8eUkSstzG2c8L4MIuL6pX5VCYjcWjBVOMXk0M=
github.com/go-i2p/su3 v0.1.60000-0.20260612012616-389e1d2c2310 h1:Dih8sh44OdFWsA2EQ1aAejMX8sdMW5HsmoFEyfe3bvs=
github.com/go-i2p/su3 v0.1.60000-0.20260612012616-389e1d2c2310/go.mod h1:I+1tNwnAmWC+iLNB7akldfakze2lK+wzOo2AGJbnaiE=
github.com/go-viper/mapstructure/v2 v2.5.0 h1:vM5IJoUAy3d7zRSVtIwQgBj7BiWtMPfmPEgAXnvj1Ro=
github.com/go-viper/mapstructure/v2 v2.5.0/go.mod h1:oJDH3BJKyqBA2TXFhDsKDGDTlndYOZ6rGS0BRZIxGhM=
github.com/google/go-cmp v0.7.0 h1:wk8382ETsv4JYUZwIsn6YpYiWiBsYLSJiTsyBybVuN8=
github.com/google/go-cmp v0.7.0/go.mod h1:pXiqmnSA92OHEEa9HXL2W4E7lf9JzCmGVUdgjX3N/iU=
github.com/hashicorp/golang-lru/v2 v2.0.7 h1:a+bsQ5rvGLjzHuww6tVxozPZFVghXaHOwFs4luLUK2k=
github.com/hashicorp/golang-lru/v2 v2.0.7/go.mod h1:QeFd9opnmA6QUJc5vARoKUSoFhyfM2/ZepoAG6RGpeM=
github.com/huin/goupnp v1.3.0 h1:UvLUlWDNpoUdYzb2TCn+MuTWtcjXKSza2n6CBdQ0xXc=
github.com/huin/goupnp v1.3.0/go.mod h1:gnGPsThkYa7bFi/KWmEysQRf48l2dvR5bxr2OFckNX8=
github.com/jackpal/go-nat-pmp v1.0.2 h1:KzKSgb7qkJvOUTqYl9/Hg/me3pWgBmERKrTGD7BdWus=
github.com/jackpal/go-nat-pmp v1.0.2/go.mod h1:QPH045xvCAeXUZOxsnwmrtiCoxIr9eob+4orBN1SBKc=
github.com/kr/pretty v0.3.1 h1:flRD4NNwYAUpkphVc1HcthR4KEIFJ65n8Mw5qdRn3LE=
github.com/kr/pretty v0.3.1/go.mod h1:hoEshYVHaxMs3cyo3Yncou5ZscifuDolrwPKZanG3xk=
github.com/kr/text v0.2.0 h1:5Nx0Ya0ZqY2ygV366QzturHI13Jq95ApcVaJBhpS+AY=
github.com/kr/text v0.2.0/go.mod h1:eLer722TekiGuMkidMxC/pM04lWEeraHUUmBw8l2grE=
github.com/oklog/ulid/v2 v2.1.1 h1:suPZ4ARWLOJLegGFiZZ1dFAkqzhMjL3J1TzI+5wHz8s=
github.com/oklog/ulid/v2 v2.1.1/go.mod h1:rcEKHmBBKfef9DhnvX7y1HZBYxjXb0cP5ExxNsTT1QQ=
github.com/pborman/getopt v0.0.0-20170112200414-7148bc3a4c30/go.mod h1:85jBQOZwpVEaDAr341tbn15RS4fCAsIst0qp7i8ex1o=
github.com/pelletier/go-toml/v2 v2.4.2 h1:M2fKKbmyvI+hGId/D0W64qDBMVhJnNR10O5gIbMc//Q=
github.com/pelletier/go-toml/v2 v2.4.2/go.mod h1:2gIqNv+qfxSVS7cM2xJQKtLSTLUE9V8t9Stt+h56mCY=
github.com/pmezard/go-difflib v1.0.0/go.mod h1:iKH77koFhYxTK1pcRnkKkqfTogsbg7gZNVY4sRDYZ/4=
github.com/pmezard/go-difflib v1.0.1-0.20181226105442-5d4384ee4fb2 h1:Jamvg5psRIccs7FGNTlIRMkT8wgtp5eCXdBlqhYGL6U=
github.com/pmezard/go-difflib v1.0.1-0.20181226105442-5d4384ee4fb2/go.mod h1:iKH77koFhYxTK1pcRnkKkqfTogsbg7gZNVY4sRDYZ/4=
github.com/rogpeppe/go-internal v1.14.1 h1:UQB4HGPB6osV0SQTLymcB4TgvyWu6ZyliaW0tI/otEQ=
github.com/rogpeppe/go-internal v1.14.1/go.mod h1:MaRKkUm5W0goXpeCfT7UZI6fk/L7L7so1lCWt35ZSgc=
github.com/sagikazarmark/locafero v0.12.0 h1:/NQhBAkUb4+fH1jivKHWusDYFjMOOKU88eegjfxfHb4=
github.com/sagikazarmark/locafero v0.12.0/go.mod h1:sZh36u/YSZ918v0Io+U9ogLYQJ9tLLBmM4eneO6WwsI=
github.com/samber/lo v1.53.0 h1:t975lj2py4kJPQ6haz1QMgtId2gtmfktACxIXArw3HM=
github.com/samber/lo v1.53.0/go.mod h1:4+MXEGsJzbKGaUEQFKBq2xtfuznW9oz/WrgyzMzRoM0=
github.com/samber/oops v1.22.0 h1:fmWRC3YRUXFzpZ9Vs4nuckrsnCHv1cFV/bEm00Wvm0Y=
github.com/samber/oops v1.22.0/go.mod h1:8ZDRxwQdphVhmLtEX9I6134LHJe5yeCV8cTfHz3m91Y=
github.com/sirupsen/logrus v1.9.4 h1:TsZE7l11zFCLZnZ+teH4Umoq5BhEIfIzfRDZ1Uzql2w=
github.com/sirupsen/logrus v1.9.4/go.mod h1:ftWc9WdOfJ0a92nsE2jF5u5ZwH8Bv2zdeOC42RjbV2g=
github.com/spf13/afero v1.15.0 h1:b/YBCLWAJdFWJTN9cLhiXXcD7mzKn9Dm86dNnfyQw1I=
github.com/spf13/afero v1.15.0/go.mod h1:NC2ByUVxtQs4b3sIUphxK0NioZnmxgyCrfzeuq8lxMg=
github.com/spf13/cast v1.10.0 h1:h2x0u2shc1QuLHfxi+cTJvs30+ZAHOGRic8uyGTDWxY=
github.com/spf13/cast v1.10.0/go.mod h1:jNfB8QC9IA6ZuY2ZjDp0KtFO2LZZlg4S/7bzP6qqeHo=
github.com/spf13/pflag v1.0.10 h1:4EBh2KAYBwaONj6b2Ye1GiHfwjqyROoF4RwYO+vPwFk=
github.com/spf13/pflag v1.0.10/go.mod h1:McXfInJRrz4CZXVZOBLb0bTZqETkiAhM9Iw0y3An2Bg=
github.com/spf13/viper v1.21.0 h1:x5S+0EU27Lbphp4UKm1C+1oQO+rKx36vfCoaVebLFSU=
github.com/spf13/viper v1.21.0/go.mod h1:P0lhsswPGWD/1lZJ9ny3fYnVqxiegrlNrEmgLjbTCAY=
github.com/stretchr/objx v0.1.0/go.mod h1:HFkY916IF+rwdDfMAkV7OtwuqBVzrE8GR6GFx+wExME=
github.com/stretchr/testify v1.7.0/go.mod h1:6Fq8oRcR53rry900zMqJjRRixrwX3KX962/h/Wwjteg=
github.com/stretchr/testify v1.11.1 h1:7s2iGBzp5EwR7/aIZr8ao5+dra3wiQyKjjFuvgVKu7U=
github.com/stretchr/testify v1.11.1/go.mod h1:wZwfW3scLgRK+23gO65QZefKpKQRnfz6sD981Nm4B6U=
github.com/subosito/gotenv v1.6.0 h1:9NlTDc1FTs4qu0DDq7AEtTPNw6SVm7uBMsUCUjABIf8=
github.com/subosito/gotenv v1.6.0/go.mod h1:Dk4QP5c2W3ibzajGcXpNraDfq2IrhjMIvMSWPKKo0FU=
go.opentelemetry.io/otel v1.44.0 h1:JjwHmHpA4iZ3wBxluu2fbbE7j4kqlE8jXyAyPXH7HqU=
go.opentelemetry.io/otel v1.44.0/go.mod h1:BMgjTHL9WPRlRjL2oZCBTL4whCGtXch2H4BhOPIAyYc=
go.opentelemetry.io/otel/trace v1.44.0 h1:jxF5CsGYCe74MCRx2X4g7WsY/VBKRqqpNvXlX/6gtIk=
go.opentelemetry.io/otel/trace v1.44.0/go.mod h1:oLl1jrMQAVo6v3GAggN+1VH9VIz9iUSvW53sW1Q8PIE=
go.step.sm/crypto v0.84.0 h1:A9YPNNNGG1p1JKmaSX8XiYOisoOumHlIrPIv4wwTZSU=
go.step.sm/crypto v0.84.0/go.mod h1:T54MIdw42uZnz3+mjOIOpJbsbTZF+O3IOLhvU9lBoJk=
go.yaml.in/yaml/v3 v3.0.4 h1:tfq32ie2Jv2UxXFdLJdh3jXuOzWiL1fo0bu/FbuKpbc=
go.yaml.in/yaml/v3 v3.0.4/go.mod h1:DhzuOOF2ATzADvBadXxruRBLzYTpT36CKvDb3+aBEFg=
golang.org/x/crypto v0.0.0-20210513164829-c07d793c2f9a/go.mod h1:P+XmwS30IXTQdn5tA2iutPOUgjI07+tq3H3K9MVA1s8=
golang.org/x/crypto v0.53.0 h1:QZ4Muo8THX6CizN2vPPd5fBGHyogrdK9fG4wLPFUsto=
golang.org/x/crypto v0.53.0/go.mod h1:DNLU434OwVakk9PzuwV8w62mAJpRJL3vsgcfp4Qnsio=
golang.org/x/net v0.0.0-20210226172049-e18ecbb05110/go.mod h1:m0MpNAwzfU5UDzcl9v0D8zg8gWTRqZa9RBIspLL5mdg=
golang.org/x/net v0.0.0-20210525063256-abc453219eb5/go.mod h1:9nx3DQGgdP8bBQD5qxJ1jj9UTztislL4KSBs9R2vV5Y=
golang.org/x/net v0.56.0 h1:Rw8j/hFzGvJUZwNBXnAtf5sVDVt+65SK2C7IxCxZt5o=
golang.org/x/net v0.56.0/go.mod h1:D3Ku6r+V6JROoZK144D2XfMHFcMq/0zSfLelVTCFKec=
golang.org/x/sync v0.0.0-20210220032951-036812b2e83c/go.mod h1:RxMgew5VJxzue5/jJTE5uejpjVlOe/izrB70Jof72aM=
golang.org/x/sync v0.21.0 h1:HLII4xRRTtCRkxYp4HNFF0Js/Og6q2i++KXbg0gHCwM=
golang.org/x/sync v0.21.0/go.mod h1:9xrNwdLfx4jkKbNva9FpL6vEN7evnE43NNNJQ2LF3+0=
golang.org/x/sys v0.0.0-20201119102817-f84b799fce68/go.mod h1:h1NjWce9XRLGQEsW7wpKNCjG9DtNlClVuFLEZdDNbEs=
golang.org/x/sys v0.0.0-20210423082822-04245dca01da/go.mod h1:h1NjWce9XRLGQEsW7wpKNCjG9DtNlClVuFLEZdDNbEs=
golang.org/x/sys v0.46.0 h1:noSf2Fq6F8DBgS+LysIkx7rIExoNHJsxOAtPp4rthXw=
golang.org/x/sys v0.46.0/go.mod h1:4GL1E5IUh+htKOUEOaiffhrAeqysfVGipDYzABqnCmw=
golang.org/x/term v0.0.0-20201126162022-7de9c90e9dd1/go.mod h1:bj7SfCRtBDWHUb9snDiAeCFNEtKQo2Wmx5Cou7ajbmo=
golang.org/x/text v0.3.3/go.mod h1:5Zoc/QRtKVWzQhOtBMvqHzDpF6irO9z98xDceosuGiQ=
golang.org/x/text v0.3.6/go.mod h1:5Zoc/QRtKVWzQhOtBMvqHzDpF6irO9z98xDceosuGiQ=
golang.org/x/text v0.38.0 h1:sXmwo9DwP3OK9EZ7PqAdaooSGozfl/3a6/xJcbzPRhE=
golang.org/x/text v0.38.0/go.mod h1:YXZt3QhHUKYT53r2lLKFIVi6Ao1jdzrTR/KQ09qyxF4=
golang.org/x/time v0.15.0 h1:bbrp8t3bGUeFOx08pvsMYRTCVSMk89u4tKbNOZbp88U=
golang.org/x/time v0.15.0/go.mod h1:Y4YMaQmXwGQZoFaVFk4YpCt4FLQMYKZe9oeV/f4MSno=
golang.org/x/tools v0.0.0-20180917221912-90fa682c2a6e/go.mod h1:n7NCudcB/nEzxVGmLbDWY5pfWTLqBcC2KZ6jyYvM4mQ=
gopkg.in/check.v1 v0.0.0-20161208181325-20d25e280405/go.mod h1:Co6ibVJAznAaIkqp8huTwlJQCZ016jof/cbN4VW5Yz0=
gopkg.in/check.v1 v1.0.0-20201130134442-10cb98267c6c h1:Hei/4ADfdWqJk1ZMxUNpqntNwaWcugrBjAiHlqqRiVk=
gopkg.in/check.v1 v1.0.0-20201130134442-10cb98267c6c/go.mod h1:JHkPIbrfpd72SG/EVd6muEfDQjcINNoR0C8j2r3qZ4Q=
gopkg.in/yaml.v3 v3.0.0-20200313102051-9f266ea9e77c/go.mod h1:K4uyk7z7BCEPqu6E+C64Yfv1cQ7kz7rIZviUmN+EgEM=
gopkg.in/yaml.v3 v3.0.1 h1:fxVm/GzAzEWqLHuvctI91KS9hhNmmWOoWu0XTYJS7CA=
gopkg.in/yaml.v3 v3.0.1/go.mod h1:K4uyk7z7BCEPqu6E+C64Yfv1cQ7kz7rIZviUmN+EgEM=
