filippo.io/edwards25519 v1.2.0 h1:crnVqOiS4jqYleHd9vaKZ+HKtHfllngJIiOpNpoJsjo=
filippo.io/edwards25519 v1.2.0/go.mod h1:xzAOLCNug/yB62zG1bQ8uziwrIqIuxhctzJT18Q77mc=
github.com/armon/circbuf v0.0.0-20190214190532-5111143e8da2 h1:7Ip0wMmLHLRJdrloDxZfhMm0xrLXZS8+COSu2bXmEQs=
github.com/armon/circbuf v0.0.0-20190214190532-5111143e8da2/go.mod h1:3U/XgcO3hCbHZ8TKRvWD2dDTCfh9M9ya+I9JpbB7O8o=
github.com/beevik/ntp v1.5.0 h1:y+uj/JjNwlY2JahivxYvtmv4ehfi3h74fAuABB9ZSM4=
github.com/beevik/ntp v1.5.0/go.mod h1:mJEhBrwT76w9D+IfOEGvuzyuudiW9E52U2BaTrMOYow=
github.com/cespare/xxhash/v2 v2.3.0 h1:UL815xU9SqsFlibzuggzjXhog7bL6oX9BbNZnL2UFvs=
github.com/cespare/xxhash/v2 v2.3.0/go.mod h1:VGX0DQ3Q6kWi7AoAeZDth3/j3BFtOZR5XLFGgcrjCOs=
github.com/cretz/bine v0.2.0 h1:8GiDRGlTgz+o8H9DSnsl+5MeBK4HsExxgl6WgzOCuZo=
github.com/cretz/bine v0.2.0/go.mod h1:WU4o9QR9wWp8AVKtTM1XD5vUHkEqnf2vVSo6dBqbetI=
github.com/davecgh/go-spew v1.1.0/go.mod h1:J7Y8YcW2NihsgmVo/mv3lAwl/skON4iLHjSsI+c5H38=
github.com/davecgh/go-spew v1.1.2-0.20180830191138-d8f796af33cc h1:U9qPSI2PIWSS1VwoXQT9A3Wy9MM3WgvqSxFWenqJduM=
github.com/davecgh/go-spew v1.1.2-0.20180830191138-d8f796af33cc/go.mod h1:J7Y8YcW2NihsgmVo/mv3lAwl/skON4iLHjSsI+c5H38=
github.com/dchest/siphash v1.2.3 h1:QXwFc8cFOR2dSa/gE6o/HokBMWtLUaNDVd+22aKHeEA=
github.com/dchest/siphash v1.2.3/go.mod h1:0NvQU092bT0ipiFN++/rXm69QG9tVxLAlQHIXMPAkHc=
github.com/eyedeekay/go-unzip v0.0.0-20240201194209-560d8225b50e h1:NMjWYVkgcQHGOy0/VxU0TU6smrcoxzj9hwDesx2sB0w=
github.com/eyedeekay/go-unzip v0.0.0-20240201194209-560d8225b50e/go.mod h1:fKfFM3BsOOyjtZmEty7FsGzGabXo8Eb/dHjyIhTtxsE=
github.com/frankban/quicktest v1.14.6 h1:7Xjx+VpznH+oBnejlPUj8oUpdxnVs4f8XU8WnHkI4W8=
github.com/frankban/quicktest v1.14.6/go.mod h1:4ptaffx2x8+WTWXmUCuVU6aPUX1/Mz7zb5vbUoiM6w0=
github.com/fsnotify/fsnotify v1.9.0 h1:2Ml+OJNzbYCTzsxtv8vKSFD9PbJjmhYF14k/jKC7S9k=
github.com/fsnotify/fsnotify v1.9.0/go.mod h1:8jBTzvmWwFyi3Pb8djgCCO5IBqzKJ/Jwo8TRcHyHii0=
github.com/go-i2p/common v0.1.4-0.20260411211028-c0b83edc2206 h1:JtfoFHo/5UQeAKphOmtPuqAvQxscjXUUIf7st1CTbhA=
github.com/go-i2p/common v0.1.4-0.20260411211028-c0b83edc2206/go.mod h1:AF4wZc3e+oolOw5SqavBLu3brbLNe8PlE+DGpti9hBA=
github.com/go-i2p/crypto v0.1.4-0.20260411211008-27d6fe8e14e0 h1:iUpQsxBdnUGsTDUQDDE3pWPDbulNMyQy2br0p1Vbdpo=
github.com/go-i2p/crypto v0.1.4-0.20260411211008-27d6fe8e14e0/go.mod h1:32MX3Owj1eNY0qqTuSAgBPPFojgWkeUNXRD05rCDDmA=
github.com/go-i2p/elgamal v0.0.2 h1:3x2MwXWH5KjFZ06YThjLjB2/7eM3f6BsmhudKXn+dnk=
github.com/go-i2p/elgamal v0.0.2/go.mod h1:5L85gta1c07w3f4ZCy4z//Caq1zaiHbEB8jocfQKWxM=
github.com/go-i2p/go-datagrams v0.1.4-0.20260411211237-2ac3ebca34e0 h1:h9exE11m+XOUOEJtaekdLxT/lwLK2jcFcg0wF5z45ZY=
github.com/go-i2p/go-datagrams v0.1.4-0.20260411211237-2ac3ebca34e0/go.mod h1:qo1IMCY9Kb1P3Q+hSA79bEeYiBVYGGaAM3YwLD0735k=
github.com/go-i2p/go-i2cp v0.1.4-0.20260411211225-58669808464a h1:DXrC3rpOtGGZuYtQAyGnc+JsDMtt6IJUdMVLE9PCbxo=
github.com/go-i2p/go-i2cp v0.1.4-0.20260411211225-58669808464a/go.mod h1:ha/kdYHq8dwqLDXRnmyOeYCgpklyWJO4LIP5sBDI+EI=
github.com/go-i2p/go-i2p v0.1.4-0.20260411211146-a5251e618867 h1:to60I4/nCVs2WkE8sC8+t8Vhkxt3Y7uFr/miuERQye0=
github.com/go-i2p/go-i2p v0.1.4-0.20260411211146-a5251e618867/go.mod h1:N1OyefK5VH20UADEFo7SvUsxX0/SJMhhZkrgy4cnjnc=
github.com/go-i2p/go-nat-listener v0.0.0-20260402214544-c8773aeea918 h1:UFg1wIQtdbeSbbY0w6Kr1UWVo+OU8go7fu6yX8OoUTw=
github.com/go-i2p/go-nat-listener v0.0.0-20260402214544-c8773aeea918/go.mod h1:HYnoqKCbnOBw6WpJ4+GJZVwVgH+4lgTl9zCOzgHRupM=
github.com/go-i2p/go-noise v0.1.4-0.20260411211128-6132d2d7c6f7 h1:bTqiyxyS2QNw6Lc5MtBpRZ5UC3kQvtqKKgArkMXsqR4=
github.com/go-i2p/go-noise v0.1.4-0.20260411211128-6132d2d7c6f7/go.mod h1:SQWNvaO/ecjFFAFUbmOhIip5Wsmht44WGdQPnN+i8yk=
github.com/go-i2p/go-sam-bridge v0.1.4-0.20260411210623-2df4d2ace98c h1:j0sJzdpHBzrBItnWZLh9sWWR2zjHVDcNciwbEdCiFG8=
github.com/go-i2p/go-sam-bridge v0.1.4-0.20260411210623-2df4d2ace98c/go.mod h1:l4aKB8Wbq+Kzjb1h7Hfl/zE1Dw9XK93HG5KQY0PGFZs=
github.com/go-i2p/go-sam-go v0.33.1-0.20260411195601-326503e35a5c h1:CGepwWtODhrXQ7ebDPB2jIz740LWqWTaw1jVYogrzcM=
github.com/go-i2p/go-sam-go v0.33.1-0.20260411195601-326503e35a5c/go.mod h1:yh0p4igH39DL3ZLni40lzCb9NxQcZF0jqDYCiPNqAv8=
github.com/go-i2p/go-streaming v0.1.4-0.20260411211246-0ed3aac4bb32 h1:vOfeED7UfOWhX4KAIlUCVGu06Ye7oS+7A/ogad0nG9Q=
github.com/go-i2p/go-streaming v0.1.4-0.20260411211246-0ed3aac4bb32/go.mod h1:OWtZCWSMR25ScxjDBE5gf6HlMYBlJgQSQIOb/XX34U4=
github.com/go-i2p/i2pkeys v0.33.92 h1:e2vx3vf7tNesaJ8HmAlGPOcfiGM86jzeIGxh27I9J2Y=
github.com/go-i2p/i2pkeys v0.33.92/go.mod h1:BRURQ/twxV0WKjZlFSKki93ivBi+MirZPWudfwTzMpE=
github.com/go-i2p/logger v0.1.6-0.20260411210903-208111ba877c h1:sIVt9eAAVHd5cd4ATVMa+h1vJ+oEWYVucLRyv8+uQ6c=
github.com/go-i2p/logger v0.1.6-0.20260411210903-208111ba877c/go.mod h1:m+v39Hz8/7J9uWPXoFF5AN3dJFupI48k4Ln9W9vefMI=
github.com/go-i2p/noise v1.1.1-0.20260411211052-e55ea74b1439 h1:sOQmtE716aOGmCX8ZdJWEi6+wMgd1sE67EZ6BKsRpGY=
github.com/go-i2p/noise v1.1.1-0.20260411211052-e55ea74b1439/go.mod h1:1fOkPAuCPLMPns4AG1xyVAgxmIaQPje6xWbadlbQGJM=
github.com/go-i2p/red25519 v0.0.0-20260302212615-1093a31f680d h1:a7DHsr9SOEjybZVtH3e0kJpXy40mZb1V+dGm9tptOl8=
github.com/go-i2p/red25519 v0.0.0-20260302212615-1093a31f680d/go.mod h1:6bX00E8eUkSstzG2c8L4MIuL6pX5VCYjcWjBVOMXk0M=
github.com/go-i2p/su3 v0.0.2-0.20260413153317-5e4e8cc3b554 h1:RS50K8B+eGnvkhpVwmXDe7vCJ3/hr5rwoery1oZ3HHc=
github.com/go-i2p/su3 v0.0.2-0.20260413153317-5e4e8cc3b554/go.mod h1:vdpwAyYIiZR3+hRGtI71zstxwGpGwU87HPKhkD1votk=
github.com/go-viper/mapstructure/v2 v2.5.0 h1:vM5IJoUAy3d7zRSVtIwQgBj7BiWtMPfmPEgAXnvj1Ro=
github.com/go-viper/mapstructure/v2 v2.5.0/go.mod h1:oJDH3BJKyqBA2TXFhDsKDGDTlndYOZ6rGS0BRZIxGhM=
github.com/google/go-cmp v0.7.0 h1:wk8382ETsv4JYUZwIsn6YpYiWiBsYLSJiTsyBybVuN8=
github.com/google/go-cmp v0.7.0/go.mod h1:pXiqmnSA92OHEEa9HXL2W4E7lf9JzCmGVUdgjX3N/iU=
github.com/hashicorp/golang-lru/v2 v2.0.7 h1:a+bsQ5rvGLjzHuww6tVxozPZFVghXaHOwFs4luLUK2k=
github.com/hashicorp/golang-lru/v2 v2.0.7/go.mod h1:QeFd9opnmA6QUJc5vARoKUSoFhyfM2/ZepoAG6RGpeM=
github.com/huin/goupnp v1.3.0 h1:UvLUlWDNpoUdYzb2TCn+MuTWtcjXKSza2n6CBdQ0xXc=
github.com/huin/goupnp v1.3.0/go.mod h1:gnGPsThkYa7bFi/KWmEysQRf48l2dvR5bxr2OFckNX8=
github.com/jackpal/go-nat-pmp v1.0.2 h1:KzKSgb7qkJvOUTqYl9/Hg/me3pWgBmERKrTGD7BdWus=
github.com/jackpal/go-nat-pmp v1.0.2/go.mod h1:QPH045xvCAeXUZOxsnwmrtiCoxIr9eob+4orBN1SBKc=
github.com/kr/pretty v0.3.1 h1:flRD4NNwYAUpkphVc1HcthR4KEIFJ65n8Mw5qdRn3LE=
github.com/kr/pretty v0.3.1/go.mod h1:hoEshYVHaxMs3cyo3Yncou5ZscifuDolrwPKZanG3xk=
github.com/kr/text v0.2.0 h1:5Nx0Ya0ZqY2ygV366QzturHI13Jq95ApcVaJBhpS+AY=
github.com/kr/text v0.2.0/go.mod h1:eLer722TekiGuMkidMxC/pM04lWEeraHUUmBw8l2grE=
github.com/oklog/ulid/v2 v2.1.1 h1:suPZ4ARWLOJLegGFiZZ1dFAkqzhMjL3J1TzI+5wHz8s=
github.com/oklog/ulid/v2 v2.1.1/go.mod h1:rcEKHmBBKfef9DhnvX7y1HZBYxjXb0cP5ExxNsTT1QQ=
github.com/pborman/getopt v0.0.0-20170112200414-7148bc3a4c30/go.mod h1:85jBQOZwpVEaDAr341tbn15RS4fCAsIst0qp7i8ex1o=
github.com/pelletier/go-toml/v2 v2.2.4 h1:mye9XuhQ6gvn5h28+VilKrrPoQVanw5PMw/TB0t5Ec4=
github.com/pelletier/go-toml/v2 v2.2.4/go.mod h1:2gIqNv+qfxSVS7cM2xJQKtLSTLUE9V8t9Stt+h56mCY=
github.com/pmezard/go-difflib v1.0.0/go.mod h1:iKH77koFhYxTK1pcRnkKkqfTogsbg7gZNVY4sRDYZ/4=
github.com/pmezard/go-difflib v1.0.1-0.20181226105442-5d4384ee4fb2 h1:Jamvg5psRIccs7FGNTlIRMkT8wgtp5eCXdBlqhYGL6U=
github.com/pmezard/go-difflib v1.0.1-0.20181226105442-5d4384ee4fb2/go.mod h1:iKH77koFhYxTK1pcRnkKkqfTogsbg7gZNVY4sRDYZ/4=
github.com/rogpeppe/go-internal v1.14.1 h1:UQB4HGPB6osV0SQTLymcB4TgvyWu6ZyliaW0tI/otEQ=
github.com/rogpeppe/go-internal v1.14.1/go.mod h1:MaRKkUm5W0goXpeCfT7UZI6fk/L7L7so1lCWt35ZSgc=
github.com/sagikazarmark/locafero v0.12.0 h1:/NQhBAkUb4+fH1jivKHWusDYFjMOOKU88eegjfxfHb4=
github.com/sagikazarmark/locafero v0.12.0/go.mod h1:sZh36u/YSZ918v0Io+U9ogLYQJ9tLLBmM4eneO6WwsI=
github.com/samber/lo v1.53.0 h1:t975lj2py4kJPQ6haz1QMgtId2gtmfktACxIXArw3HM=
github.com/samber/lo v1.53.0/go.mod h1:4+MXEGsJzbKGaUEQFKBq2xtfuznW9oz/WrgyzMzRoM0=
github.com/samber/oops v1.21.0 h1:18atcO4oEigNFuGXqr3NZWZ6P0XOSEXyBSAMXdQRxTc=
github.com/samber/oops v1.21.0/go.mod h1:Hsm/sKPxtCfPh0w/cE3xVoRfSiE1joDRiStPAsmG9bo=
github.com/sirupsen/logrus v1.9.4 h1:TsZE7l11zFCLZnZ+teH4Umoq5BhEIfIzfRDZ1Uzql2w=
github.com/sirupsen/logrus v1.9.4/go.mod h1:ftWc9WdOfJ0a92nsE2jF5u5ZwH8Bv2zdeOC42RjbV2g=
github.com/spf13/afero v1.15.0 h1:b/YBCLWAJdFWJTN9cLhiXXcD7mzKn9Dm86dNnfyQw1I=
github.com/spf13/afero v1.15.0/go.mod h1:NC2ByUVxtQs4b3sIUphxK0NioZnmxgyCrfzeuq8lxMg=
github.com/spf13/cast v1.10.0 h1:h2x0u2shc1QuLHfxi+cTJvs30+ZAHOGRic8uyGTDWxY=
github.com/spf13/cast v1.10.0/go.mod h1:jNfB8QC9IA6ZuY2ZjDp0KtFO2LZZlg4S/7bzP6qqeHo=
github.com/spf13/pflag v1.0.10 h1:4EBh2KAYBwaONj6b2Ye1GiHfwjqyROoF4RwYO+vPwFk=
github.com/spf13/pflag v1.0.10/go.mod h1:McXfInJRrz4CZXVZOBLb0bTZqETkiAhM9Iw0y3An2Bg=
github.com/spf13/viper v1.21.0 h1:x5S+0EU27Lbphp4UKm1C+1oQO+rKx36vfCoaVebLFSU=
github.com/spf13/viper v1.21.0/go.mod h1:P0lhsswPGWD/1lZJ9ny3fYnVqxiegrlNrEmgLjbTCAY=
github.com/stretchr/objx v0.1.0/go.mod h1:HFkY916IF+rwdDfMAkV7OtwuqBVzrE8GR6GFx+wExME=
github.com/stretchr/testify v1.7.0/go.mod h1:6Fq8oRcR53rry900zMqJjRRixrwX3KX962/h/Wwjteg=
github.com/stretchr/testify v1.11.1 h1:7s2iGBzp5EwR7/aIZr8ao5+dra3wiQyKjjFuvgVKu7U=
github.com/stretchr/testify v1.11.1/go.mod h1:wZwfW3scLgRK+23gO65QZefKpKQRnfz6sD981Nm4B6U=
github.com/subosito/gotenv v1.6.0 h1:9NlTDc1FTs4qu0DDq7AEtTPNw6SVm7uBMsUCUjABIf8=
github.com/subosito/gotenv v1.6.0/go.mod h1:Dk4QP5c2W3ibzajGcXpNraDfq2IrhjMIvMSWPKKo0FU=
go.opentelemetry.io/otel v1.43.0 h1:mYIM03dnh5zfN7HautFE4ieIig9amkNANT+xcVxAj9I=
go.opentelemetry.io/otel v1.43.0/go.mod h1:JuG+u74mvjvcm8vj8pI5XiHy1zDeoCS2LB1spIq7Ay0=
go.opentelemetry.io/otel/trace v1.43.0 h1:BkNrHpup+4k4w+ZZ86CZoHHEkohws8AY+WTX09nk+3A=
go.opentelemetry.io/otel/trace v1.43.0/go.mod h1:/QJhyVBUUswCphDVxq+8mld+AvhXZLhe+8WVFxiFff0=
go.step.sm/crypto v0.77.2 h1:qFjjei+RHc5kP5R7NW9OUWT7SqWIuAOvOkXqg4fNWj8=
go.step.sm/crypto v0.77.2/go.mod h1:W0YJb9onM5l78qgkXIJ2Up6grnwW8EtpCKIza/NCg0o=
go.yaml.in/yaml/v3 v3.0.4 h1:tfq32ie2Jv2UxXFdLJdh3jXuOzWiL1fo0bu/FbuKpbc=
go.yaml.in/yaml/v3 v3.0.4/go.mod h1:DhzuOOF2ATzADvBadXxruRBLzYTpT36CKvDb3+aBEFg=
golang.org/x/crypto v0.0.0-20210513164829-c07d793c2f9a/go.mod h1:P+XmwS30IXTQdn5tA2iutPOUgjI07+tq3H3K9MVA1s8=
golang.org/x/crypto v0.49.0 h1:+Ng2ULVvLHnJ/ZFEq4KdcDd/cfjrrjjNSXNzxg0Y4U4=
golang.org/x/crypto v0.49.0/go.mod h1:ErX4dUh2UM+CFYiXZRTcMpEcN8b/1gxEuv3nODoYtCA=
golang.org/x/net v0.0.0-20210226172049-e18ecbb05110/go.mod h1:m0MpNAwzfU5UDzcl9v0D8zg8gWTRqZa9RBIspLL5mdg=
golang.org/x/net v0.0.0-20210525063256-abc453219eb5/go.mod h1:9nx3DQGgdP8bBQD5qxJ1jj9UTztislL4KSBs9R2vV5Y=
golang.org/x/net v0.52.0 h1:He/TN1l0e4mmR3QqHMT2Xab3Aj3L9qjbhRm78/6jrW0=
golang.org/x/net v0.52.0/go.mod h1:R1MAz7uMZxVMualyPXb+VaqGSa3LIaUqk0eEt3w36Sw=
golang.org/x/sync v0.0.0-20210220032951-036812b2e83c/go.mod h1:RxMgew5VJxzue5/jJTE5uejpjVlOe/izrB70Jof72aM=
golang.org/x/sync v0.20.0 h1:e0PTpb7pjO8GAtTs2dQ6jYa5BWYlMuX047Dco/pItO4=
golang.org/x/sync v0.20.0/go.mod h1:9xrNwdLfx4jkKbNva9FpL6vEN7evnE43NNNJQ2LF3+0=
golang.org/x/sys v0.0.0-20201119102817-f84b799fce68/go.mod h1:h1NjWce9XRLGQEsW7wpKNCjG9DtNlClVuFLEZdDNbEs=
golang.org/x/sys v0.0.0-20210423082822-04245dca01da/go.mod h1:h1NjWce9XRLGQEsW7wpKNCjG9DtNlClVuFLEZdDNbEs=
golang.org/x/sys v0.42.0 h1:omrd2nAlyT5ESRdCLYdm3+fMfNFE/+Rf4bDIQImRJeo=
golang.org/x/sys v0.42.0/go.mod h1:4GL1E5IUh+htKOUEOaiffhrAeqysfVGipDYzABqnCmw=
golang.org/x/term v0.0.0-20201126162022-7de9c90e9dd1/go.mod h1:bj7SfCRtBDWHUb9snDiAeCFNEtKQo2Wmx5Cou7ajbmo=
golang.org/x/text v0.3.3/go.mod h1:5Zoc/QRtKVWzQhOtBMvqHzDpF6irO9z98xDceosuGiQ=
golang.org/x/text v0.3.6/go.mod h1:5Zoc/QRtKVWzQhOtBMvqHzDpF6irO9z98xDceosuGiQ=
golang.org/x/text v0.35.0 h1:JOVx6vVDFokkpaq1AEptVzLTpDe9KGpj5tR4/X+ybL8=
golang.org/x/text v0.35.0/go.mod h1:khi/HExzZJ2pGnjenulevKNX1W67CUy0AsXcNubPGCA=
golang.org/x/tools v0.0.0-20180917221912-90fa682c2a6e/go.mod h1:n7NCudcB/nEzxVGmLbDWY5pfWTLqBcC2KZ6jyYvM4mQ=
gopkg.in/check.v1 v0.0.0-20161208181325-20d25e280405/go.mod h1:Co6ibVJAznAaIkqp8huTwlJQCZ016jof/cbN4VW5Yz0=
gopkg.in/check.v1 v1.0.0-20201130134442-10cb98267c6c h1:Hei/4ADfdWqJk1ZMxUNpqntNwaWcugrBjAiHlqqRiVk=
gopkg.in/check.v1 v1.0.0-20201130134442-10cb98267c6c/go.mod h1:JHkPIbrfpd72SG/EVd6muEfDQjcINNoR0C8j2r3qZ4Q=
gopkg.in/yaml.v3 v3.0.0-20200313102051-9f266ea9e77c/go.mod h1:K4uyk7z7BCEPqu6E+C64Yfv1cQ7kz7rIZviUmN+EgEM=
gopkg.in/yaml.v3 v3.0.1 h1:fxVm/GzAzEWqLHuvctI91KS9hhNmmWOoWu0XTYJS7CA=
gopkg.in/yaml.v3 v3.0.1/go.mod h1:K4uyk7z7BCEPqu6E+C64Yfv1cQ7kz7rIZviUmN+EgEM=
